# -------------------------------------------------------------------------- #
#
# Copyright (C) 2019  Intel Corporation. All rights reserved.
# Your use of Intel Corporation's design tools, logic functions 
# and other software and tools, and any partner logic 
# functions, and any output files from any of the foregoing 
# (including device programming or simulation files), and any 
# associated documentation or information are expressly subject 
# to the terms and conditions of the Intel Program License 
# Subscription Agreement, the Intel Quartus Prime License Agreement,
# the Intel FPGA IP License Agreement, or other applicable license
# agreement, including, without limitation, that your use is for
# the sole purpose of programming logic devices manufactured by
# Intel and sold by Intel or its authorized distributors.  Please
# refer to the applicable agreement for further details, at
# https://fpgasoftware.intel.com/eula.
#
# -------------------------------------------------------------------------- #
#
# Quartus Prime
# Version 19.1.0 Build 670 09/22/2019 SJ Standard Edition
# Date created = 13:40:25  March 20, 2021
#
# -------------------------------------------------------------------------- #
#
# Notes:
#
# 1) The default values for assignments are stored in the file:
#		BGA_Test_assignment_defaults.qdf
#    If this file doesn't exist, see file:
#		assignment_defaults.qdf
#
# 2) Altera recommends that you do not modify this file. This
#    file is updated automatically by the Quartus Prime software
#    and any changes you make may be lost or overwritten.
#
# -------------------------------------------------------------------------- #


set_global_assignment -name FAMILY "Cyclone IV E"
set_global_assignment -name DEVICE EP4CE6F17C8
set_global_assignment -name TOP_LEVEL_ENTITY top
set_global_assignment -name ORIGINAL_QUARTUS_VERSION 19.1.0
set_global_assignment -name PROJECT_CREATION_TIME_DATE "13:40:25  MARCH 20, 2021"
set_global_assignment -name LAST_QUARTUS_VERSION "20.1.1 Lite Edition"
set_global_assignment -name PROJECT_OUTPUT_DIRECTORY output_files
set_global_assignment -name MIN_CORE_JUNCTION_TEMP 0
set_global_assignment -name MAX_CORE_JUNCTION_TEMP 85
set_global_assignment -name DEVICE_FILTER_PACKAGE FBGA
set_global_assignment -name DEVICE_FILTER_PIN_COUNT 256
set_global_assignment -name ERROR_CHECK_FREQUENCY_DIVISOR 1
set_global_assignment -name NOMINAL_CORE_SUPPLY_VOLTAGE 1.2V


set_location_assignment PIN_J2 -to B2_5_i
set_location_assignment PIN_J1 -to B2_5_o
set_location_assignment PIN_L6 -to B2_6_i
set_location_assignment PIN_K6 -to B2_6_o
set_location_assignment PIN_K2 -to B2_4_i
set_location_assignment PIN_K1 -to B2_4_o
set_location_assignment PIN_L2 -to B2_3_i
set_location_assignment PIN_L1 -to B2_3_o
set_location_assignment PIN_N2 -to B2_2_i
set_location_assignment PIN_N1 -to B2_2_o
set_location_assignment PIN_J6 -to B2_8_i
set_location_assignment PIN_K5 -to B2_8_o
set_location_assignment PIN_L3 -to B2_7_i
set_location_assignment PIN_L4 -to B2_7_o
set_location_assignment PIN_P2 -to B2_1_i
set_location_assignment PIN_P1 -to B2_1_o
set_location_assignment PIN_N3 -to B3_11_i
set_location_assignment PIN_P3 -to B3_11_o
set_location_assignment PIN_R3 -to B3_6_i
set_location_assignment PIN_T3 -to B3_6_o
set_location_assignment PIN_R1 -to B23_1_i
set_location_assignment PIN_T2 -to B23_1_o
set_location_assignment PIN_R4 -to B3_5_i
set_location_assignment PIN_T4 -to B3_5_o
set_location_assignment PIN_N5 -to B3_12_i
set_location_assignment PIN_N6 -to B3_12_o
set_location_assignment PIN_M7 -to B3_10_i
set_location_assignment PIN_M6 -to B3_10_o
set_location_assignment PIN_L7 -to B3_9_i
set_location_assignment PIN_K8 -to B3_9_o
set_location_assignment PIN_R5 -to B3_4_i
set_location_assignment PIN_T5 -to B3_4_o
set_location_assignment PIN_R6 -to B3_3_i
set_location_assignment PIN_T6 -to B3_3_o
set_location_assignment PIN_R7 -to B3_2_i
set_location_assignment PIN_T7 -to B3_2_o
set_location_assignment PIN_L8 -to B3_8_i
set_location_assignment PIN_M8 -to B3_8_o
set_location_assignment PIN_N8 -to B3_7_i
set_location_assignment PIN_P8 -to B3_7_o
set_location_assignment PIN_R8 -to B3_1_i
set_location_assignment PIN_T8 -to B3_1_o
set_location_assignment PIN_G15 -to B6_4_i
set_location_assignment PIN_G16 -to B6_4_o
set_location_assignment PIN_F15 -to B6_3_i
set_location_assignment PIN_F16 -to B6_3_o
set_location_assignment PIN_L14 -to VR_3_i
set_location_assignment PIN_F14 -to VR_3_o
set_location_assignment PIN_D16 -to B6_2_i
set_location_assignment PIN_D15 -to B6_2_o
set_location_assignment PIN_F13 -to B6_5_i
set_location_assignment PIN_G11 -to B6_5_o
set_location_assignment PIN_C15 -to B6_1_i
set_location_assignment PIN_C16 -to B6_1_o
set_location_assignment PIN_T9 -to B4_6_i
set_location_assignment PIN_R9 -to B4_6_o
set_location_assignment PIN_K10 -to B4_11_i
set_location_assignment PIN_K9 -to B4_11_o
set_location_assignment PIN_L10 -to B4_12_i
set_location_assignment PIN_L9 -to B4_12_o
set_location_assignment PIN_L11 -to B4_14_i
set_location_assignment PIN_M9 -to B4_14_o
set_location_assignment PIN_T10 -to B4_5_i
set_location_assignment PIN_R10 -to B4_5_o
set_location_assignment PIN_T11 -to B4_4_i
set_location_assignment PIN_R11 -to B4_4_o
set_location_assignment PIN_T12 -to B4_3_i
set_location_assignment PIN_R12 -to B4_3_o
set_location_assignment PIN_N9 -to B4_13_i
set_location_assignment PIN_P9 -to B4_13_o
set_location_assignment PIN_P6 -to VR_1_i
set_location_assignment PIN_P11 -to VR_1_o
set_location_assignment PIN_T13 -to B4_2_i
set_location_assignment PIN_R13 -to B4_2_o
set_location_assignment PIN_T15 -to B4_1_i
set_location_assignment PIN_T14 -to B4_1_o
set_location_assignment PIN_R14 -to B4_7_i
set_location_assignment PIN_P14 -to B4_7_o
set_location_assignment PIN_M10 -to B4_10_i
set_location_assignment PIN_M11 -to B4_10_o
set_location_assignment PIN_N11 -to B4_9_i
set_location_assignment PIN_N12 -to B4_9_o
set_location_assignment PIN_B8 -to B8_5_i
set_location_assignment PIN_A8 -to B8_5_o
set_location_assignment PIN_D8 -to B8_12_i
set_location_assignment PIN_C8 -to B8_12_o
set_location_assignment PIN_B7 -to B8_4_i
set_location_assignment PIN_A7 -to B8_4_o
set_location_assignment PIN_E8 -to B8_11_i
set_location_assignment PIN_F6 -to B8_11_o
set_location_assignment PIN_F8 -to B8_10_i
set_location_assignment PIN_F7 -to B8_10_o
set_location_assignment PIN_C11 -to VR_2_i
set_location_assignment PIN_C6 -to VR_2_o
set_location_assignment PIN_B6 -to B8_3_i
set_location_assignment PIN_A6 -to B8_3_o
set_location_assignment PIN_E7 -to B8_9_i
set_location_assignment PIN_E6 -to B8_9_o
set_location_assignment PIN_A5 -to B8_7_i
set_location_assignment PIN_B5 -to B8_7_o
set_location_assignment PIN_B4 -to B8_2_i
set_location_assignment PIN_A4 -to B8_2_o
set_location_assignment PIN_D5 -to B8_8_i
set_location_assignment PIN_D6 -to B8_8_o
set_location_assignment PIN_B3 -to B8_1_i
set_location_assignment PIN_A3 -to B8_1_o
set_location_assignment PIN_C3 -to B8_6_i
set_location_assignment PIN_D3 -to B8_6_o
set_location_assignment PIN_D14 -to B7_12_i
set_location_assignment PIN_C14 -to B7_12_o
set_location_assignment PIN_D12 -to B7_11_i
set_location_assignment PIN_D11 -to B7_11_o
set_location_assignment PIN_B13 -to B7_5_i
set_location_assignment PIN_A13 -to B7_5_o
set_location_assignment PIN_B14 -to B7_6_i
set_location_assignment PIN_A14 -to B7_6_o
set_location_assignment PIN_B12 -to B7_4_i
set_location_assignment PIN_A12 -to B7_4_o
set_location_assignment PIN_B11 -to B7_3_i
set_location_assignment PIN_A11 -to B7_3_o
set_location_assignment PIN_F10 -to B7_9_i
set_location_assignment PIN_F9 -to B7_9_o
set_location_assignment PIN_E11 -to B7_10_i
set_location_assignment PIN_F11 -to B7_10_o
set_location_assignment PIN_B16 -to B67_1_i
set_location_assignment PIN_A15 -to B67_1_o
set_location_assignment PIN_B10 -to B7_2_i
set_location_assignment PIN_A10 -to B7_2_o
set_location_assignment PIN_D9 -to B7_7_i
set_location_assignment PIN_C9 -to B7_7_o
set_location_assignment PIN_E10 -to B7_8_i
set_location_assignment PIN_E9 -to B7_8_o
set_location_assignment PIN_B9 -to B7_1_i
set_location_assignment PIN_A9 -to B7_1_o
set_location_assignment PIN_D4 -to B1_7_i
set_location_assignment PIN_E5 -to B1_7_o
set_location_assignment PIN_A2 -to B18_1_i
set_location_assignment PIN_B1 -to B18_1_o
set_location_assignment PIN_C1 -to B1_3_i
set_location_assignment PIN_C2 -to B1_3_o
set_location_assignment PIN_D2 -to B1_4_i
set_location_assignment PIN_D1 -to B1_4_o
set_location_assignment PIN_F5 -to B1_6_i
set_location_assignment PIN_G5 -to B1_6_o
set_location_assignment PIN_F1 -to B1_2_i
set_location_assignment PIN_F2 -to B1_2_o
set_location_assignment PIN_G1 -to B1_1_i
set_location_assignment PIN_G2 -to B1_1_o
set_location_assignment PIN_F3 -to B1_5_i
set_location_assignment PIN_H2 -to B1_5_o
set_location_assignment PIN_N13 -to B5_11_i
set_location_assignment PIN_M12 -to B5_11_o
set_location_assignment PIN_K11 -to B5_9_i
set_location_assignment PIN_K12 -to B5_9_o
set_location_assignment PIN_P15 -to B5_10_i
set_location_assignment PIN_N14 -to B5_10_o
set_location_assignment PIN_R16 -to B5_1_i
set_location_assignment PIN_P16 -to B5_1_o
set_location_assignment PIN_N15 -to B5_2_i
set_location_assignment PIN_N16 -to B5_2_o
set_location_assignment PIN_L12 -to B5_8_i
set_location_assignment PIN_L13 -to B5_8_o
set_location_assignment PIN_L15 -to B5_3_i
set_location_assignment PIN_L16 -to B5_3_o
set_location_assignment PIN_K15 -to B5_4_i
set_location_assignment PIN_K16 -to B5_4_o
set_location_assignment PIN_J15 -to B5_5_i
set_location_assignment PIN_J16 -to B5_5_o
set_location_assignment PIN_J13 -to B5_6_i
set_location_assignment PIN_J14 -to B5_6_o
set_location_assignment PIN_J11 -to B5_7_i
set_location_assignment PIN_J12 -to B5_7_o
set_location_assignment PIN_M16 -to CLK_3_i
set_location_assignment PIN_M15 -to CLK_3_o
set_location_assignment PIN_E16 -to CLK_2_i
set_location_assignment PIN_E15 -to CLK_2_o
set_location_assignment PIN_M2 -to CLK_1_i
set_location_assignment PIN_M1 -to CLK_1_o
set_location_assignment PIN_E1 -to clk
set_global_assignment -name POWER_PRESET_COOLING_SOLUTION "23 MM HEAT SINK WITH 200 LFPM AIRFLOW"
set_global_assignment -name POWER_BOARD_THERMAL_MODEL "NONE (CONSERVATIVE)"
set_global_assignment -name PARTITION_NETLIST_TYPE SOURCE -section_id Top
set_global_assignment -name PARTITION_FITTER_PRESERVATION_LEVEL PLACEMENT_AND_ROUTING -section_id Top
set_global_assignment -name PARTITION_COLOR 16764057 -section_id Top
set_global_assignment -name ENABLE_SIGNALTAP ON
set_global_assignment -name USE_SIGNALTAP_FILE signal_tag.stp
set_global_assignment -name SLD_NODE_CREATOR_ID 110 -section_id auto_signaltap_0
set_global_assignment -name SLD_NODE_ENTITY_NAME sld_signaltap -section_id auto_signaltap_0
set_instance_assignment -name CONNECT_TO_SLD_NODE_ENTITY_PORT acq_clk -to clk -section_id auto_signaltap_0
set_global_assignment -name SLD_NODE_PARAMETER_ASSIGNMENT "SLD_RAM_BLOCK_TYPE=AUTO" -section_id auto_signaltap_0
set_global_assignment -name SLD_NODE_PARAMETER_ASSIGNMENT "SLD_NODE_INFO=805334528" -section_id auto_signaltap_0
set_global_assignment -name SLD_NODE_PARAMETER_ASSIGNMENT "SLD_POWER_UP_TRIGGER=0" -section_id auto_signaltap_0
set_global_assignment -name SLD_NODE_PARAMETER_ASSIGNMENT "SLD_STORAGE_QUALIFIER_INVERSION_MASK_LENGTH=0" -section_id auto_signaltap_0
set_global_assignment -name SLD_NODE_PARAMETER_ASSIGNMENT "SLD_SEGMENT_SIZE=128" -section_id auto_signaltap_0
set_global_assignment -name SLD_NODE_PARAMETER_ASSIGNMENT "SLD_ATTRIBUTE_MEM_MODE=OFF" -section_id auto_signaltap_0
set_global_assignment -name SLD_NODE_PARAMETER_ASSIGNMENT "SLD_STATE_FLOW_USE_GENERATED=0" -section_id auto_signaltap_0
set_global_assignment -name SLD_NODE_PARAMETER_ASSIGNMENT "SLD_STATE_BITS=11" -section_id auto_signaltap_0
set_global_assignment -name SLD_NODE_PARAMETER_ASSIGNMENT "SLD_BUFFER_FULL_STOP=1" -section_id auto_signaltap_0
set_global_assignment -name SLD_NODE_PARAMETER_ASSIGNMENT "SLD_CURRENT_RESOURCE_WIDTH=1" -section_id auto_signaltap_0
set_global_assignment -name SLD_NODE_PARAMETER_ASSIGNMENT "SLD_INCREMENTAL_ROUTING=1" -section_id auto_signaltap_0
set_instance_assignment -name POST_FIT_CONNECT_TO_SLD_NODE_ENTITY_PORT crc[0] -to auto_signaltap_0|vcc -section_id auto_signaltap_0
set_instance_assignment -name POST_FIT_CONNECT_TO_SLD_NODE_ENTITY_PORT crc[1] -to auto_signaltap_0|vcc -section_id auto_signaltap_0
set_instance_assignment -name POST_FIT_CONNECT_TO_SLD_NODE_ENTITY_PORT crc[5] -to auto_signaltap_0|vcc -section_id auto_signaltap_0
set_instance_assignment -name POST_FIT_CONNECT_TO_SLD_NODE_ENTITY_PORT crc[10] -to auto_signaltap_0|vcc -section_id auto_signaltap_0
set_instance_assignment -name POST_FIT_CONNECT_TO_SLD_NODE_ENTITY_PORT crc[14] -to auto_signaltap_0|vcc -section_id auto_signaltap_0
set_instance_assignment -name POST_FIT_CONNECT_TO_SLD_NODE_ENTITY_PORT crc[18] -to auto_signaltap_0|gnd -section_id auto_signaltap_0
set_instance_assignment -name POST_FIT_CONNECT_TO_SLD_NODE_ENTITY_PORT crc[19] -to auto_signaltap_0|vcc -section_id auto_signaltap_0
set_instance_assignment -name POST_FIT_CONNECT_TO_SLD_NODE_ENTITY_PORT crc[20] -to auto_signaltap_0|gnd -section_id auto_signaltap_0
set_instance_assignment -name POST_FIT_CONNECT_TO_SLD_NODE_ENTITY_PORT crc[25] -to auto_signaltap_0|vcc -section_id auto_signaltap_0
set_instance_assignment -name POST_FIT_CONNECT_TO_SLD_NODE_ENTITY_PORT crc[30] -to auto_signaltap_0|gnd -section_id auto_signaltap_0
set_global_assignment -name SLD_NODE_PARAMETER_ASSIGNMENT "SLD_TRIGGER_LEVEL=1" -section_id auto_signaltap_0
set_global_assignment -name SLD_NODE_PARAMETER_ASSIGNMENT "SLD_SAMPLE_DEPTH=128" -section_id auto_signaltap_0
set_global_assignment -name SLD_NODE_PARAMETER_ASSIGNMENT "SLD_TRIGGER_IN_ENABLED=0" -section_id auto_signaltap_0
set_global_assignment -name SLD_NODE_PARAMETER_ASSIGNMENT "SLD_TRIGGER_PIPELINE=0" -section_id auto_signaltap_0
set_global_assignment -name SLD_NODE_PARAMETER_ASSIGNMENT "SLD_RAM_PIPELINE=1" -section_id auto_signaltap_0
set_global_assignment -name SLD_NODE_PARAMETER_ASSIGNMENT "SLD_COUNTER_PIPELINE=0" -section_id auto_signaltap_0
set_global_assignment -name SLD_NODE_PARAMETER_ASSIGNMENT "SLD_ADVANCED_TRIGGER_ENTITY=basic,1," -section_id auto_signaltap_0
set_global_assignment -name SLD_NODE_PARAMETER_ASSIGNMENT "SLD_TRIGGER_LEVEL_PIPELINE=1" -section_id auto_signaltap_0
set_global_assignment -name SLD_NODE_PARAMETER_ASSIGNMENT "SLD_ENABLE_ADVANCED_TRIGGER=0" -section_id auto_signaltap_0
set_instance_assignment -name POST_FIT_CONNECT_TO_SLD_NODE_ENTITY_PORT crc[8] -to auto_signaltap_0|vcc -section_id auto_signaltap_0
set_instance_assignment -name POST_FIT_CONNECT_TO_SLD_NODE_ENTITY_PORT crc[12] -to auto_signaltap_0|vcc -section_id auto_signaltap_0
set_instance_assignment -name POST_FIT_CONNECT_TO_SLD_NODE_ENTITY_PORT crc[13] -to auto_signaltap_0|vcc -section_id auto_signaltap_0
set_instance_assignment -name POST_FIT_CONNECT_TO_SLD_NODE_ENTITY_PORT crc[16] -to auto_signaltap_0|gnd -section_id auto_signaltap_0
set_instance_assignment -name POST_FIT_CONNECT_TO_SLD_NODE_ENTITY_PORT crc[21] -to auto_signaltap_0|gnd -section_id auto_signaltap_0
set_instance_assignment -name POST_FIT_CONNECT_TO_SLD_NODE_ENTITY_PORT crc[22] -to auto_signaltap_0|vcc -section_id auto_signaltap_0
set_instance_assignment -name POST_FIT_CONNECT_TO_SLD_NODE_ENTITY_PORT crc[23] -to auto_signaltap_0|vcc -section_id auto_signaltap_0
set_instance_assignment -name POST_FIT_CONNECT_TO_SLD_NODE_ENTITY_PORT crc[27] -to auto_signaltap_0|vcc -section_id auto_signaltap_0
set_global_assignment -name ENABLE_OCT_DONE OFF
set_global_assignment -name ENABLE_CONFIGURATION_PINS OFF
set_global_assignment -name ENABLE_BOOT_SEL_PIN OFF
set_global_assignment -name USE_CONFIGURATION_DEVICE OFF
set_global_assignment -name CRC_ERROR_OPEN_DRAIN OFF
set_global_assignment -name STRATIX_DEVICE_IO_STANDARD "3.3-V LVCMOS"
set_global_assignment -name CYCLONEII_RESERVE_NCEO_AFTER_CONFIGURATION "USE AS REGULAR IO"
set_global_assignment -name RESERVE_DATA0_AFTER_CONFIGURATION "USE AS REGULAR IO"
set_global_assignment -name RESERVE_DATA1_AFTER_CONFIGURATION "USE AS REGULAR IO"
set_global_assignment -name RESERVE_FLASH_NCE_AFTER_CONFIGURATION "USE AS REGULAR IO"
set_global_assignment -name RESERVE_DCLK_AFTER_CONFIGURATION "USE AS REGULAR IO"
set_global_assignment -name OUTPUT_IO_TIMING_NEAR_END_VMEAS "HALF VCCIO" -rise
set_global_assignment -name OUTPUT_IO_TIMING_NEAR_END_VMEAS "HALF VCCIO" -fall
set_global_assignment -name OUTPUT_IO_TIMING_FAR_END_VMEAS "HALF SIGNAL SWING" -rise
set_global_assignment -name OUTPUT_IO_TIMING_FAR_END_VMEAS "HALF SIGNAL SWING" -fall
set_location_assignment PIN_H1 -to dclk_o
set_instance_assignment -name CONNECT_TO_SLD_NODE_ENTITY_PORT acq_trigger_in[0] -to mismatch -section_id auto_signaltap_0
set_instance_assignment -name CONNECT_TO_SLD_NODE_ENTITY_PORT acq_data_in[0] -to mismatch -section_id auto_signaltap_0
set_instance_assignment -name CONNECT_TO_SLD_NODE_ENTITY_PORT acq_data_in[1] -to reset_n -section_id auto_signaltap_0
set_instance_assignment -name CONNECT_TO_SLD_NODE_ENTITY_PORT acq_data_in[2] -to scan_input_ff[0] -section_id auto_signaltap_0
set_instance_assignment -name CONNECT_TO_SLD_NODE_ENTITY_PORT acq_data_in[3] -to scan_input_ff[10] -section_id auto_signaltap_0
set_instance_assignment -name CONNECT_TO_SLD_NODE_ENTITY_PORT acq_data_in[4] -to scan_input_ff[11] -section_id auto_signaltap_0
set_instance_assignment -name CONNECT_TO_SLD_NODE_ENTITY_PORT acq_data_in[5] -to scan_input_ff[12] -section_id auto_signaltap_0
set_instance_assignment -name CONNECT_TO_SLD_NODE_ENTITY_PORT acq_data_in[6] -to scan_input_ff[13] -section_id auto_signaltap_0
set_instance_assignment -name CONNECT_TO_SLD_NODE_ENTITY_PORT acq_data_in[7] -to scan_input_ff[14] -section_id auto_signaltap_0
set_instance_assignment -name CONNECT_TO_SLD_NODE_ENTITY_PORT acq_data_in[8] -to scan_input_ff[15] -section_id auto_signaltap_0
set_instance_assignment -name CONNECT_TO_SLD_NODE_ENTITY_PORT acq_data_in[9] -to scan_input_ff[16] -section_id auto_signaltap_0
set_instance_assignment -name CONNECT_TO_SLD_NODE_ENTITY_PORT acq_data_in[10] -to scan_input_ff[17] -section_id auto_signaltap_0
set_instance_assignment -name CONNECT_TO_SLD_NODE_ENTITY_PORT acq_data_in[11] -to scan_input_ff[18] -section_id auto_signaltap_0
set_instance_assignment -name CONNECT_TO_SLD_NODE_ENTITY_PORT acq_data_in[12] -to scan_input_ff[19] -section_id auto_signaltap_0
set_instance_assignment -name CONNECT_TO_SLD_NODE_ENTITY_PORT acq_data_in[13] -to scan_input_ff[1] -section_id auto_signaltap_0
set_instance_assignment -name CONNECT_TO_SLD_NODE_ENTITY_PORT acq_data_in[14] -to scan_input_ff[20] -section_id auto_signaltap_0
set_instance_assignment -name CONNECT_TO_SLD_NODE_ENTITY_PORT acq_data_in[15] -to scan_input_ff[21] -section_id auto_signaltap_0
set_instance_assignment -name CONNECT_TO_SLD_NODE_ENTITY_PORT acq_data_in[16] -to scan_input_ff[22] -section_id auto_signaltap_0
set_instance_assignment -name CONNECT_TO_SLD_NODE_ENTITY_PORT acq_data_in[17] -to scan_input_ff[23] -section_id auto_signaltap_0
set_instance_assignment -name CONNECT_TO_SLD_NODE_ENTITY_PORT acq_data_in[18] -to scan_input_ff[24] -section_id auto_signaltap_0
set_instance_assignment -name CONNECT_TO_SLD_NODE_ENTITY_PORT acq_data_in[19] -to scan_input_ff[25] -section_id auto_signaltap_0
set_instance_assignment -name CONNECT_TO_SLD_NODE_ENTITY_PORT acq_data_in[20] -to scan_input_ff[26] -section_id auto_signaltap_0
set_instance_assignment -name CONNECT_TO_SLD_NODE_ENTITY_PORT acq_data_in[21] -to scan_input_ff[27] -section_id auto_signaltap_0
set_instance_assignment -name CONNECT_TO_SLD_NODE_ENTITY_PORT acq_data_in[22] -to scan_input_ff[28] -section_id auto_signaltap_0
set_instance_assignment -name CONNECT_TO_SLD_NODE_ENTITY_PORT acq_data_in[23] -to scan_input_ff[29] -section_id auto_signaltap_0
set_instance_assignment -name CONNECT_TO_SLD_NODE_ENTITY_PORT acq_data_in[24] -to scan_input_ff[2] -section_id auto_signaltap_0
set_instance_assignment -name CONNECT_TO_SLD_NODE_ENTITY_PORT acq_data_in[25] -to scan_input_ff[30] -section_id auto_signaltap_0
set_instance_assignment -name CONNECT_TO_SLD_NODE_ENTITY_PORT acq_data_in[26] -to scan_input_ff[31] -section_id auto_signaltap_0
set_instance_assignment -name CONNECT_TO_SLD_NODE_ENTITY_PORT acq_data_in[27] -to scan_input_ff[32] -section_id auto_signaltap_0
set_instance_assignment -name CONNECT_TO_SLD_NODE_ENTITY_PORT acq_data_in[28] -to scan_input_ff[33] -section_id auto_signaltap_0
set_instance_assignment -name CONNECT_TO_SLD_NODE_ENTITY_PORT acq_data_in[29] -to scan_input_ff[34] -section_id auto_signaltap_0
set_instance_assignment -name CONNECT_TO_SLD_NODE_ENTITY_PORT acq_data_in[30] -to scan_input_ff[35] -section_id auto_signaltap_0
set_instance_assignment -name CONNECT_TO_SLD_NODE_ENTITY_PORT acq_data_in[31] -to scan_input_ff[36] -section_id auto_signaltap_0
set_instance_assignment -name CONNECT_TO_SLD_NODE_ENTITY_PORT acq_data_in[32] -to scan_input_ff[37] -section_id auto_signaltap_0
set_instance_assignment -name CONNECT_TO_SLD_NODE_ENTITY_PORT acq_data_in[33] -to scan_input_ff[38] -section_id auto_signaltap_0
set_instance_assignment -name CONNECT_TO_SLD_NODE_ENTITY_PORT acq_data_in[34] -to scan_input_ff[39] -section_id auto_signaltap_0
set_instance_assignment -name CONNECT_TO_SLD_NODE_ENTITY_PORT acq_data_in[35] -to scan_input_ff[3] -section_id auto_signaltap_0
set_instance_assignment -name CONNECT_TO_SLD_NODE_ENTITY_PORT acq_data_in[36] -to scan_input_ff[40] -section_id auto_signaltap_0
set_instance_assignment -name CONNECT_TO_SLD_NODE_ENTITY_PORT acq_data_in[37] -to scan_input_ff[41] -section_id auto_signaltap_0
set_instance_assignment -name CONNECT_TO_SLD_NODE_ENTITY_PORT acq_data_in[38] -to scan_input_ff[42] -section_id auto_signaltap_0
set_instance_assignment -name CONNECT_TO_SLD_NODE_ENTITY_PORT acq_data_in[39] -to scan_input_ff[43] -section_id auto_signaltap_0
set_instance_assignment -name CONNECT_TO_SLD_NODE_ENTITY_PORT acq_data_in[40] -to scan_input_ff[44] -section_id auto_signaltap_0
set_instance_assignment -name CONNECT_TO_SLD_NODE_ENTITY_PORT acq_data_in[41] -to scan_input_ff[45] -section_id auto_signaltap_0
set_instance_assignment -name CONNECT_TO_SLD_NODE_ENTITY_PORT acq_data_in[42] -to scan_input_ff[46] -section_id auto_signaltap_0
set_instance_assignment -name CONNECT_TO_SLD_NODE_ENTITY_PORT acq_data_in[43] -to scan_input_ff[47] -section_id auto_signaltap_0
set_instance_assignment -name CONNECT_TO_SLD_NODE_ENTITY_PORT acq_data_in[44] -to scan_input_ff[48] -section_id auto_signaltap_0
set_instance_assignment -name CONNECT_TO_SLD_NODE_ENTITY_PORT acq_data_in[45] -to scan_input_ff[49] -section_id auto_signaltap_0
set_instance_assignment -name CONNECT_TO_SLD_NODE_ENTITY_PORT acq_data_in[46] -to scan_input_ff[4] -section_id auto_signaltap_0
set_instance_assignment -name CONNECT_TO_SLD_NODE_ENTITY_PORT acq_data_in[47] -to scan_input_ff[50] -section_id auto_signaltap_0
set_instance_assignment -name CONNECT_TO_SLD_NODE_ENTITY_PORT acq_data_in[48] -to scan_input_ff[51] -section_id auto_signaltap_0
set_instance_assignment -name CONNECT_TO_SLD_NODE_ENTITY_PORT acq_data_in[49] -to scan_input_ff[52] -section_id auto_signaltap_0
set_instance_assignment -name CONNECT_TO_SLD_NODE_ENTITY_PORT acq_data_in[50] -to scan_input_ff[53] -section_id auto_signaltap_0
set_instance_assignment -name CONNECT_TO_SLD_NODE_ENTITY_PORT acq_data_in[51] -to scan_input_ff[54] -section_id auto_signaltap_0
set_instance_assignment -name CONNECT_TO_SLD_NODE_ENTITY_PORT acq_data_in[52] -to scan_input_ff[55] -section_id auto_signaltap_0
set_instance_assignment -name CONNECT_TO_SLD_NODE_ENTITY_PORT acq_data_in[53] -to scan_input_ff[56] -section_id auto_signaltap_0
set_instance_assignment -name CONNECT_TO_SLD_NODE_ENTITY_PORT acq_data_in[54] -to scan_input_ff[57] -section_id auto_signaltap_0
set_instance_assignment -name CONNECT_TO_SLD_NODE_ENTITY_PORT acq_data_in[55] -to scan_input_ff[58] -section_id auto_signaltap_0
set_instance_assignment -name CONNECT_TO_SLD_NODE_ENTITY_PORT acq_data_in[56] -to scan_input_ff[59] -section_id auto_signaltap_0
set_instance_assignment -name CONNECT_TO_SLD_NODE_ENTITY_PORT acq_data_in[57] -to scan_input_ff[5] -section_id auto_signaltap_0
set_instance_assignment -name CONNECT_TO_SLD_NODE_ENTITY_PORT acq_data_in[58] -to scan_input_ff[60] -section_id auto_signaltap_0
set_instance_assignment -name CONNECT_TO_SLD_NODE_ENTITY_PORT acq_data_in[59] -to scan_input_ff[61] -section_id auto_signaltap_0
set_instance_assignment -name CONNECT_TO_SLD_NODE_ENTITY_PORT acq_data_in[60] -to scan_input_ff[62] -section_id auto_signaltap_0
set_instance_assignment -name CONNECT_TO_SLD_NODE_ENTITY_PORT acq_data_in[61] -to scan_input_ff[63] -section_id auto_signaltap_0
set_instance_assignment -name CONNECT_TO_SLD_NODE_ENTITY_PORT acq_data_in[62] -to scan_input_ff[64] -section_id auto_signaltap_0
set_instance_assignment -name CONNECT_TO_SLD_NODE_ENTITY_PORT acq_data_in[63] -to scan_input_ff[65] -section_id auto_signaltap_0
set_instance_assignment -name CONNECT_TO_SLD_NODE_ENTITY_PORT acq_data_in[64] -to scan_input_ff[66] -section_id auto_signaltap_0
set_instance_assignment -name CONNECT_TO_SLD_NODE_ENTITY_PORT acq_data_in[65] -to scan_input_ff[67] -section_id auto_signaltap_0
set_instance_assignment -name CONNECT_TO_SLD_NODE_ENTITY_PORT acq_data_in[66] -to scan_input_ff[68] -section_id auto_signaltap_0
set_instance_assignment -name CONNECT_TO_SLD_NODE_ENTITY_PORT acq_data_in[67] -to scan_input_ff[69] -section_id auto_signaltap_0
set_instance_assignment -name CONNECT_TO_SLD_NODE_ENTITY_PORT acq_data_in[68] -to scan_input_ff[6] -section_id auto_signaltap_0
set_instance_assignment -name CONNECT_TO_SLD_NODE_ENTITY_PORT acq_data_in[69] -to scan_input_ff[70] -section_id auto_signaltap_0
set_instance_assignment -name CONNECT_TO_SLD_NODE_ENTITY_PORT acq_data_in[70] -to scan_input_ff[71] -section_id auto_signaltap_0
set_instance_assignment -name CONNECT_TO_SLD_NODE_ENTITY_PORT acq_data_in[71] -to scan_input_ff[72] -section_id auto_signaltap_0
set_instance_assignment -name CONNECT_TO_SLD_NODE_ENTITY_PORT acq_data_in[72] -to scan_input_ff[73] -section_id auto_signaltap_0
set_instance_assignment -name CONNECT_TO_SLD_NODE_ENTITY_PORT acq_data_in[73] -to scan_input_ff[74] -section_id auto_signaltap_0
set_instance_assignment -name CONNECT_TO_SLD_NODE_ENTITY_PORT acq_data_in[74] -to scan_input_ff[75] -section_id auto_signaltap_0
set_instance_assignment -name CONNECT_TO_SLD_NODE_ENTITY_PORT acq_data_in[75] -to scan_input_ff[76] -section_id auto_signaltap_0
set_instance_assignment -name CONNECT_TO_SLD_NODE_ENTITY_PORT acq_data_in[76] -to scan_input_ff[77] -section_id auto_signaltap_0
set_instance_assignment -name CONNECT_TO_SLD_NODE_ENTITY_PORT acq_data_in[77] -to scan_input_ff[78] -section_id auto_signaltap_0
set_instance_assignment -name CONNECT_TO_SLD_NODE_ENTITY_PORT acq_data_in[78] -to scan_input_ff[79] -section_id auto_signaltap_0
set_instance_assignment -name CONNECT_TO_SLD_NODE_ENTITY_PORT acq_data_in[79] -to scan_input_ff[7] -section_id auto_signaltap_0
set_instance_assignment -name CONNECT_TO_SLD_NODE_ENTITY_PORT acq_data_in[80] -to scan_input_ff[80] -section_id auto_signaltap_0
set_instance_assignment -name CONNECT_TO_SLD_NODE_ENTITY_PORT acq_data_in[81] -to scan_input_ff[81] -section_id auto_signaltap_0
set_instance_assignment -name CONNECT_TO_SLD_NODE_ENTITY_PORT acq_data_in[82] -to scan_input_ff[82] -section_id auto_signaltap_0
set_instance_assignment -name CONNECT_TO_SLD_NODE_ENTITY_PORT acq_data_in[83] -to scan_input_ff[83] -section_id auto_signaltap_0
set_instance_assignment -name CONNECT_TO_SLD_NODE_ENTITY_PORT acq_data_in[84] -to scan_input_ff[84] -section_id auto_signaltap_0
set_instance_assignment -name CONNECT_TO_SLD_NODE_ENTITY_PORT acq_data_in[85] -to scan_input_ff[85] -section_id auto_signaltap_0
set_instance_assignment -name CONNECT_TO_SLD_NODE_ENTITY_PORT acq_data_in[86] -to scan_input_ff[8] -section_id auto_signaltap_0
set_instance_assignment -name CONNECT_TO_SLD_NODE_ENTITY_PORT acq_data_in[87] -to scan_input_ff[9] -section_id auto_signaltap_0
set_instance_assignment -name CONNECT_TO_SLD_NODE_ENTITY_PORT acq_data_in[88] -to scan_output_shift[0] -section_id auto_signaltap_0
set_instance_assignment -name CONNECT_TO_SLD_NODE_ENTITY_PORT acq_data_in[89] -to scan_output_shift[10] -section_id auto_signaltap_0
set_instance_assignment -name CONNECT_TO_SLD_NODE_ENTITY_PORT acq_data_in[90] -to scan_output_shift[11] -section_id auto_signaltap_0
set_instance_assignment -name CONNECT_TO_SLD_NODE_ENTITY_PORT acq_data_in[91] -to scan_output_shift[12] -section_id auto_signaltap_0
set_instance_assignment -name CONNECT_TO_SLD_NODE_ENTITY_PORT acq_data_in[92] -to scan_output_shift[13] -section_id auto_signaltap_0
set_instance_assignment -name CONNECT_TO_SLD_NODE_ENTITY_PORT acq_data_in[93] -to scan_output_shift[14] -section_id auto_signaltap_0
set_instance_assignment -name CONNECT_TO_SLD_NODE_ENTITY_PORT acq_data_in[94] -to scan_output_shift[15] -section_id auto_signaltap_0
set_instance_assignment -name CONNECT_TO_SLD_NODE_ENTITY_PORT acq_data_in[95] -to scan_output_shift[16] -section_id auto_signaltap_0
set_instance_assignment -name CONNECT_TO_SLD_NODE_ENTITY_PORT acq_data_in[96] -to scan_output_shift[17] -section_id auto_signaltap_0
set_instance_assignment -name CONNECT_TO_SLD_NODE_ENTITY_PORT acq_data_in[97] -to scan_output_shift[18] -section_id auto_signaltap_0
set_instance_assignment -name CONNECT_TO_SLD_NODE_ENTITY_PORT acq_data_in[98] -to scan_output_shift[19] -section_id auto_signaltap_0
set_instance_assignment -name CONNECT_TO_SLD_NODE_ENTITY_PORT acq_data_in[99] -to scan_output_shift[1] -section_id auto_signaltap_0
set_instance_assignment -name CONNECT_TO_SLD_NODE_ENTITY_PORT acq_data_in[100] -to scan_output_shift[20] -section_id auto_signaltap_0
set_instance_assignment -name CONNECT_TO_SLD_NODE_ENTITY_PORT acq_data_in[101] -to scan_output_shift[21] -section_id auto_signaltap_0
set_instance_assignment -name CONNECT_TO_SLD_NODE_ENTITY_PORT acq_data_in[102] -to scan_output_shift[22] -section_id auto_signaltap_0
set_instance_assignment -name CONNECT_TO_SLD_NODE_ENTITY_PORT acq_data_in[103] -to scan_output_shift[23] -section_id auto_signaltap_0
set_instance_assignment -name CONNECT_TO_SLD_NODE_ENTITY_PORT acq_data_in[104] -to scan_output_shift[24] -section_id auto_signaltap_0
set_instance_assignment -name CONNECT_TO_SLD_NODE_ENTITY_PORT acq_data_in[105] -to scan_output_shift[25] -section_id auto_signaltap_0
set_instance_assignment -name CONNECT_TO_SLD_NODE_ENTITY_PORT acq_data_in[106] -to scan_output_shift[26] -section_id auto_signaltap_0
set_instance_assignment -name CONNECT_TO_SLD_NODE_ENTITY_PORT acq_data_in[107] -to scan_output_shift[27] -section_id auto_signaltap_0
set_instance_assignment -name CONNECT_TO_SLD_NODE_ENTITY_PORT acq_data_in[108] -to scan_output_shift[28] -section_id auto_signaltap_0
set_instance_assignment -name CONNECT_TO_SLD_NODE_ENTITY_PORT acq_data_in[109] -to scan_output_shift[29] -section_id auto_signaltap_0
set_instance_assignment -name CONNECT_TO_SLD_NODE_ENTITY_PORT acq_data_in[110] -to scan_output_shift[2] -section_id auto_signaltap_0
set_instance_assignment -name CONNECT_TO_SLD_NODE_ENTITY_PORT acq_data_in[111] -to scan_output_shift[30] -section_id auto_signaltap_0
set_instance_assignment -name CONNECT_TO_SLD_NODE_ENTITY_PORT acq_data_in[112] -to scan_output_shift[31] -section_id auto_signaltap_0
set_instance_assignment -name CONNECT_TO_SLD_NODE_ENTITY_PORT acq_data_in[113] -to scan_output_shift[32] -section_id auto_signaltap_0
set_instance_assignment -name CONNECT_TO_SLD_NODE_ENTITY_PORT acq_data_in[114] -to scan_output_shift[33] -section_id auto_signaltap_0
set_instance_assignment -name CONNECT_TO_SLD_NODE_ENTITY_PORT acq_data_in[115] -to scan_output_shift[34] -section_id auto_signaltap_0
set_instance_assignment -name CONNECT_TO_SLD_NODE_ENTITY_PORT acq_data_in[116] -to scan_output_shift[35] -section_id auto_signaltap_0
set_instance_assignment -name CONNECT_TO_SLD_NODE_ENTITY_PORT acq_data_in[117] -to scan_output_shift[36] -section_id auto_signaltap_0
set_instance_assignment -name CONNECT_TO_SLD_NODE_ENTITY_PORT acq_data_in[118] -to scan_output_shift[37] -section_id auto_signaltap_0
set_instance_assignment -name CONNECT_TO_SLD_NODE_ENTITY_PORT acq_data_in[119] -to scan_output_shift[38] -section_id auto_signaltap_0
set_instance_assignment -name CONNECT_TO_SLD_NODE_ENTITY_PORT acq_data_in[120] -to scan_output_shift[39] -section_id auto_signaltap_0
set_instance_assignment -name CONNECT_TO_SLD_NODE_ENTITY_PORT acq_data_in[121] -to scan_output_shift[3] -section_id auto_signaltap_0
set_instance_assignment -name CONNECT_TO_SLD_NODE_ENTITY_PORT acq_data_in[122] -to scan_output_shift[40] -section_id auto_signaltap_0
set_instance_assignment -name CONNECT_TO_SLD_NODE_ENTITY_PORT acq_data_in[123] -to scan_output_shift[41] -section_id auto_signaltap_0
set_instance_assignment -name CONNECT_TO_SLD_NODE_ENTITY_PORT acq_data_in[124] -to scan_output_shift[42] -section_id auto_signaltap_0
set_instance_assignment -name CONNECT_TO_SLD_NODE_ENTITY_PORT acq_data_in[125] -to scan_output_shift[43] -section_id auto_signaltap_0
set_instance_assignment -name CONNECT_TO_SLD_NODE_ENTITY_PORT acq_data_in[126] -to scan_output_shift[44] -section_id auto_signaltap_0
set_instance_assignment -name CONNECT_TO_SLD_NODE_ENTITY_PORT acq_data_in[127] -to scan_output_shift[45] -section_id auto_signaltap_0
set_instance_assignment -name CONNECT_TO_SLD_NODE_ENTITY_PORT acq_data_in[128] -to scan_output_shift[46] -section_id auto_signaltap_0
set_instance_assignment -name CONNECT_TO_SLD_NODE_ENTITY_PORT acq_data_in[129] -to scan_output_shift[47] -section_id auto_signaltap_0
set_instance_assignment -name CONNECT_TO_SLD_NODE_ENTITY_PORT acq_data_in[130] -to scan_output_shift[48] -section_id auto_signaltap_0
set_instance_assignment -name CONNECT_TO_SLD_NODE_ENTITY_PORT acq_data_in[131] -to scan_output_shift[49] -section_id auto_signaltap_0
set_instance_assignment -name CONNECT_TO_SLD_NODE_ENTITY_PORT acq_data_in[132] -to scan_output_shift[4] -section_id auto_signaltap_0
set_instance_assignment -name CONNECT_TO_SLD_NODE_ENTITY_PORT acq_data_in[133] -to scan_output_shift[50] -section_id auto_signaltap_0
set_instance_assignment -name CONNECT_TO_SLD_NODE_ENTITY_PORT acq_data_in[134] -to scan_output_shift[51] -section_id auto_signaltap_0
set_instance_assignment -name CONNECT_TO_SLD_NODE_ENTITY_PORT acq_data_in[135] -to scan_output_shift[52] -section_id auto_signaltap_0
set_instance_assignment -name CONNECT_TO_SLD_NODE_ENTITY_PORT acq_data_in[136] -to scan_output_shift[53] -section_id auto_signaltap_0
set_instance_assignment -name CONNECT_TO_SLD_NODE_ENTITY_PORT acq_data_in[137] -to scan_output_shift[54] -section_id auto_signaltap_0
set_instance_assignment -name CONNECT_TO_SLD_NODE_ENTITY_PORT acq_data_in[138] -to scan_output_shift[55] -section_id auto_signaltap_0
set_instance_assignment -name CONNECT_TO_SLD_NODE_ENTITY_PORT acq_data_in[139] -to scan_output_shift[56] -section_id auto_signaltap_0
set_instance_assignment -name CONNECT_TO_SLD_NODE_ENTITY_PORT acq_data_in[140] -to scan_output_shift[57] -section_id auto_signaltap_0
set_instance_assignment -name CONNECT_TO_SLD_NODE_ENTITY_PORT acq_data_in[141] -to scan_output_shift[58] -section_id auto_signaltap_0
set_instance_assignment -name CONNECT_TO_SLD_NODE_ENTITY_PORT acq_data_in[142] -to scan_output_shift[59] -section_id auto_signaltap_0
set_instance_assignment -name CONNECT_TO_SLD_NODE_ENTITY_PORT acq_data_in[143] -to scan_output_shift[5] -section_id auto_signaltap_0
set_instance_assignment -name CONNECT_TO_SLD_NODE_ENTITY_PORT acq_data_in[144] -to scan_output_shift[60] -section_id auto_signaltap_0
set_instance_assignment -name CONNECT_TO_SLD_NODE_ENTITY_PORT acq_data_in[145] -to scan_output_shift[61] -section_id auto_signaltap_0
set_instance_assignment -name CONNECT_TO_SLD_NODE_ENTITY_PORT acq_data_in[146] -to scan_output_shift[62] -section_id auto_signaltap_0
set_instance_assignment -name CONNECT_TO_SLD_NODE_ENTITY_PORT acq_data_in[147] -to scan_output_shift[63] -section_id auto_signaltap_0
set_instance_assignment -name CONNECT_TO_SLD_NODE_ENTITY_PORT acq_data_in[148] -to scan_output_shift[64] -section_id auto_signaltap_0
set_instance_assignment -name CONNECT_TO_SLD_NODE_ENTITY_PORT acq_data_in[149] -to scan_output_shift[65] -section_id auto_signaltap_0
set_instance_assignment -name CONNECT_TO_SLD_NODE_ENTITY_PORT acq_data_in[150] -to scan_output_shift[66] -section_id auto_signaltap_0
set_instance_assignment -name CONNECT_TO_SLD_NODE_ENTITY_PORT acq_data_in[151] -to scan_output_shift[67] -section_id auto_signaltap_0
set_instance_assignment -name CONNECT_TO_SLD_NODE_ENTITY_PORT acq_data_in[152] -to scan_output_shift[68] -section_id auto_signaltap_0
set_instance_assignment -name CONNECT_TO_SLD_NODE_ENTITY_PORT acq_data_in[153] -to scan_output_shift[69] -section_id auto_signaltap_0
set_instance_assignment -name CONNECT_TO_SLD_NODE_ENTITY_PORT acq_data_in[154] -to scan_output_shift[6] -section_id auto_signaltap_0
set_instance_assignment -name CONNECT_TO_SLD_NODE_ENTITY_PORT acq_data_in[155] -to scan_output_shift[70] -section_id auto_signaltap_0
set_instance_assignment -name CONNECT_TO_SLD_NODE_ENTITY_PORT acq_data_in[156] -to scan_output_shift[71] -section_id auto_signaltap_0
set_instance_assignment -name CONNECT_TO_SLD_NODE_ENTITY_PORT acq_data_in[157] -to scan_output_shift[72] -section_id auto_signaltap_0
set_instance_assignment -name CONNECT_TO_SLD_NODE_ENTITY_PORT acq_data_in[158] -to scan_output_shift[73] -section_id auto_signaltap_0
set_instance_assignment -name CONNECT_TO_SLD_NODE_ENTITY_PORT acq_data_in[159] -to scan_output_shift[74] -section_id auto_signaltap_0
set_instance_assignment -name CONNECT_TO_SLD_NODE_ENTITY_PORT acq_data_in[160] -to scan_output_shift[75] -section_id auto_signaltap_0
set_instance_assignment -name CONNECT_TO_SLD_NODE_ENTITY_PORT acq_data_in[161] -to scan_output_shift[76] -section_id auto_signaltap_0
set_instance_assignment -name CONNECT_TO_SLD_NODE_ENTITY_PORT acq_data_in[162] -to scan_output_shift[77] -section_id auto_signaltap_0
set_instance_assignment -name CONNECT_TO_SLD_NODE_ENTITY_PORT acq_data_in[163] -to scan_output_shift[78] -section_id auto_signaltap_0
set_instance_assignment -name CONNECT_TO_SLD_NODE_ENTITY_PORT acq_data_in[164] -to scan_output_shift[79] -section_id auto_signaltap_0
set_instance_assignment -name CONNECT_TO_SLD_NODE_ENTITY_PORT acq_data_in[165] -to scan_output_shift[7] -section_id auto_signaltap_0
set_instance_assignment -name CONNECT_TO_SLD_NODE_ENTITY_PORT acq_data_in[166] -to scan_output_shift[80] -section_id auto_signaltap_0
set_instance_assignment -name CONNECT_TO_SLD_NODE_ENTITY_PORT acq_data_in[167] -to scan_output_shift[81] -section_id auto_signaltap_0
set_instance_assignment -name CONNECT_TO_SLD_NODE_ENTITY_PORT acq_data_in[168] -to scan_output_shift[82] -section_id auto_signaltap_0
set_instance_assignment -name CONNECT_TO_SLD_NODE_ENTITY_PORT acq_data_in[169] -to scan_output_shift[83] -section_id auto_signaltap_0
set_instance_assignment -name CONNECT_TO_SLD_NODE_ENTITY_PORT acq_data_in[170] -to scan_output_shift[84] -section_id auto_signaltap_0
set_instance_assignment -name CONNECT_TO_SLD_NODE_ENTITY_PORT acq_data_in[171] -to scan_output_shift[85] -section_id auto_signaltap_0
set_instance_assignment -name CONNECT_TO_SLD_NODE_ENTITY_PORT acq_data_in[172] -to scan_output_shift[8] -section_id auto_signaltap_0
set_instance_assignment -name CONNECT_TO_SLD_NODE_ENTITY_PORT acq_data_in[173] -to scan_output_shift[9] -section_id auto_signaltap_0
set_global_assignment -name SLD_NODE_PARAMETER_ASSIGNMENT "SLD_TRIGGER_BITS=2" -section_id auto_signaltap_0
set_global_assignment -name SLD_NODE_PARAMETER_ASSIGNMENT "SLD_INVERSION_MASK=000000000000000000000000000" -section_id auto_signaltap_0
set_global_assignment -name SLD_NODE_PARAMETER_ASSIGNMENT "SLD_INVERSION_MASK_LENGTH=27" -section_id auto_signaltap_0
set_instance_assignment -name POST_FIT_CONNECT_TO_SLD_NODE_ENTITY_PORT crc[6] -to auto_signaltap_0|vcc -section_id auto_signaltap_0
set_instance_assignment -name POST_FIT_CONNECT_TO_SLD_NODE_ENTITY_PORT crc[26] -to auto_signaltap_0|gnd -section_id auto_signaltap_0
set_instance_assignment -name POST_FIT_CONNECT_TO_SLD_NODE_ENTITY_PORT crc[28] -to auto_signaltap_0|vcc -section_id auto_signaltap_0
set_instance_assignment -name POST_FIT_CONNECT_TO_SLD_NODE_ENTITY_PORT crc[29] -to auto_signaltap_0|vcc -section_id auto_signaltap_0
set_global_assignment -name QIP_FILE test_probe/synthesis/test_probe.qip
set_global_assignment -name SDC_FILE BGA_Test.out.sdc
set_global_assignment -name VERILOG_FILE rtl/top.v
set_global_assignment -name SIGNALTAP_FILE signal_tag.stp
set_instance_assignment -name WEAK_PULL_UP_RESISTOR ON -to B2_5_i
set_instance_assignment -name WEAK_PULL_UP_RESISTOR ON -to B2_6_i
set_instance_assignment -name WEAK_PULL_UP_RESISTOR ON -to B2_4_i
set_instance_assignment -name WEAK_PULL_UP_RESISTOR ON -to B2_3_i
set_instance_assignment -name WEAK_PULL_UP_RESISTOR ON -to B2_2_i
set_instance_assignment -name WEAK_PULL_UP_RESISTOR ON -to B2_8_i
set_instance_assignment -name WEAK_PULL_UP_RESISTOR ON -to B2_7_i
set_instance_assignment -name WEAK_PULL_UP_RESISTOR ON -to B2_1_i
set_instance_assignment -name WEAK_PULL_UP_RESISTOR ON -to B3_11_i
set_instance_assignment -name WEAK_PULL_UP_RESISTOR ON -to B3_6_i
set_instance_assignment -name WEAK_PULL_UP_RESISTOR ON -to B23_1_i
set_instance_assignment -name WEAK_PULL_UP_RESISTOR ON -to B3_5_i
set_instance_assignment -name WEAK_PULL_UP_RESISTOR ON -to B3_12_i
set_instance_assignment -name WEAK_PULL_UP_RESISTOR ON -to B3_10_i
set_instance_assignment -name WEAK_PULL_UP_RESISTOR ON -to B3_9_i
set_instance_assignment -name WEAK_PULL_UP_RESISTOR ON -to B3_4_i
set_instance_assignment -name WEAK_PULL_UP_RESISTOR ON -to B3_3_i
set_instance_assignment -name WEAK_PULL_UP_RESISTOR ON -to B3_2_i
set_instance_assignment -name WEAK_PULL_UP_RESISTOR ON -to B3_8_i
set_instance_assignment -name WEAK_PULL_UP_RESISTOR ON -to B3_7_i
set_instance_assignment -name WEAK_PULL_UP_RESISTOR ON -to B3_1_i
set_instance_assignment -name WEAK_PULL_UP_RESISTOR ON -to B6_4_i
set_instance_assignment -name WEAK_PULL_UP_RESISTOR ON -to B6_3_i
set_instance_assignment -name WEAK_PULL_UP_RESISTOR ON -to VR_3_i
set_instance_assignment -name WEAK_PULL_UP_RESISTOR ON -to B6_2_i
set_instance_assignment -name WEAK_PULL_UP_RESISTOR ON -to B6_5_i
set_instance_assignment -name WEAK_PULL_UP_RESISTOR ON -to B6_1_i
set_instance_assignment -name WEAK_PULL_UP_RESISTOR ON -to B4_6_i
set_instance_assignment -name WEAK_PULL_UP_RESISTOR ON -to B4_11_i
set_instance_assignment -name WEAK_PULL_UP_RESISTOR ON -to B4_12_i
set_instance_assignment -name WEAK_PULL_UP_RESISTOR ON -to B4_14_i
set_instance_assignment -name WEAK_PULL_UP_RESISTOR ON -to B4_5_i
set_instance_assignment -name WEAK_PULL_UP_RESISTOR ON -to B4_4_i
set_instance_assignment -name WEAK_PULL_UP_RESISTOR ON -to B4_3_i
set_instance_assignment -name WEAK_PULL_UP_RESISTOR ON -to B4_13_i
set_instance_assignment -name WEAK_PULL_UP_RESISTOR ON -to VR_1_i
set_instance_assignment -name WEAK_PULL_UP_RESISTOR ON -to B4_2_i
set_instance_assignment -name WEAK_PULL_UP_RESISTOR ON -to B4_1_i
set_instance_assignment -name WEAK_PULL_UP_RESISTOR ON -to B4_7_i
set_instance_assignment -name WEAK_PULL_UP_RESISTOR ON -to B4_10_i
set_instance_assignment -name WEAK_PULL_UP_RESISTOR ON -to B4_9_i
set_instance_assignment -name WEAK_PULL_UP_RESISTOR ON -to B8_5_i
set_instance_assignment -name WEAK_PULL_UP_RESISTOR ON -to B8_12_i
set_instance_assignment -name WEAK_PULL_UP_RESISTOR ON -to B8_4_i
set_instance_assignment -name WEAK_PULL_UP_RESISTOR ON -to B8_11_i
set_instance_assignment -name WEAK_PULL_UP_RESISTOR ON -to B8_10_i
set_instance_assignment -name WEAK_PULL_UP_RESISTOR ON -to VR_2_i
set_instance_assignment -name WEAK_PULL_UP_RESISTOR ON -to B8_3_i
set_instance_assignment -name WEAK_PULL_UP_RESISTOR ON -to B8_9_i
set_instance_assignment -name WEAK_PULL_UP_RESISTOR ON -to B8_7_i
set_instance_assignment -name WEAK_PULL_UP_RESISTOR ON -to B8_2_i
set_instance_assignment -name WEAK_PULL_UP_RESISTOR ON -to B8_8_i
set_instance_assignment -name WEAK_PULL_UP_RESISTOR ON -to B8_1_i
set_instance_assignment -name WEAK_PULL_UP_RESISTOR ON -to B8_6_i
set_instance_assignment -name WEAK_PULL_UP_RESISTOR ON -to B7_12_i
set_instance_assignment -name WEAK_PULL_UP_RESISTOR ON -to B7_11_i
set_instance_assignment -name WEAK_PULL_UP_RESISTOR ON -to B7_5_i
set_instance_assignment -name WEAK_PULL_UP_RESISTOR ON -to B7_6_i
set_instance_assignment -name WEAK_PULL_UP_RESISTOR ON -to B7_4_i
set_instance_assignment -name WEAK_PULL_UP_RESISTOR ON -to B7_3_i
set_instance_assignment -name WEAK_PULL_UP_RESISTOR ON -to B7_9_i
set_instance_assignment -name WEAK_PULL_UP_RESISTOR ON -to B7_10_i
set_instance_assignment -name WEAK_PULL_UP_RESISTOR ON -to B67_1_i
set_instance_assignment -name WEAK_PULL_UP_RESISTOR ON -to B7_2_i
set_instance_assignment -name WEAK_PULL_UP_RESISTOR ON -to B7_7_i
set_instance_assignment -name WEAK_PULL_UP_RESISTOR ON -to B7_8_i
set_instance_assignment -name WEAK_PULL_UP_RESISTOR ON -to B7_1_i
set_instance_assignment -name WEAK_PULL_UP_RESISTOR ON -to B1_7_i
set_instance_assignment -name WEAK_PULL_UP_RESISTOR ON -to B18_1_i
set_instance_assignment -name WEAK_PULL_UP_RESISTOR ON -to B1_3_i
set_instance_assignment -name WEAK_PULL_UP_RESISTOR ON -to B1_4_i
set_instance_assignment -name WEAK_PULL_UP_RESISTOR ON -to B1_6_i
set_instance_assignment -name WEAK_PULL_UP_RESISTOR ON -to B1_2_i
set_instance_assignment -name WEAK_PULL_UP_RESISTOR ON -to B1_1_i
set_instance_assignment -name WEAK_PULL_UP_RESISTOR ON -to B1_5_i
set_instance_assignment -name WEAK_PULL_UP_RESISTOR ON -to B5_11_i
set_instance_assignment -name WEAK_PULL_UP_RESISTOR ON -to B5_9_i
set_instance_assignment -name WEAK_PULL_UP_RESISTOR ON -to B5_10_i
set_instance_assignment -name WEAK_PULL_UP_RESISTOR ON -to B5_1_i
set_instance_assignment -name WEAK_PULL_UP_RESISTOR ON -to B5_2_i
set_instance_assignment -name WEAK_PULL_UP_RESISTOR ON -to B5_8_i
set_instance_assignment -name WEAK_PULL_UP_RESISTOR ON -to B5_3_i
set_instance_assignment -name WEAK_PULL_UP_RESISTOR ON -to B5_4_i
set_instance_assignment -name WEAK_PULL_UP_RESISTOR ON -to B5_5_i
set_instance_assignment -name WEAK_PULL_UP_RESISTOR ON -to B5_6_i
set_instance_assignment -name WEAK_PULL_UP_RESISTOR ON -to B5_7_i
set_global_assignment -name SOURCE_FILE test_probe.spf
set_instance_assignment -name CONNECT_TO_SLD_NODE_ENTITY_PORT acq_trigger_in[1] -to scan_shift_en -section_id auto_signaltap_0
set_instance_assignment -name CONNECT_TO_SLD_NODE_ENTITY_PORT acq_data_in[174] -to scan_shift_en -section_id auto_signaltap_0
set_global_assignment -name SLD_NODE_PARAMETER_ASSIGNMENT "SLD_DATA_BITS=175" -section_id auto_signaltap_0
set_global_assignment -name SLD_NODE_PARAMETER_ASSIGNMENT "SLD_STORAGE_QUALIFIER_BITS=175" -section_id auto_signaltap_0
set_instance_assignment -name POST_FIT_CONNECT_TO_SLD_NODE_ENTITY_PORT crc[2] -to auto_signaltap_0|vcc -section_id auto_signaltap_0
set_instance_assignment -name POST_FIT_CONNECT_TO_SLD_NODE_ENTITY_PORT crc[3] -to auto_signaltap_0|gnd -section_id auto_signaltap_0
set_instance_assignment -name POST_FIT_CONNECT_TO_SLD_NODE_ENTITY_PORT crc[4] -to auto_signaltap_0|gnd -section_id auto_signaltap_0
set_instance_assignment -name POST_FIT_CONNECT_TO_SLD_NODE_ENTITY_PORT crc[7] -to auto_signaltap_0|gnd -section_id auto_signaltap_0
set_instance_assignment -name POST_FIT_CONNECT_TO_SLD_NODE_ENTITY_PORT crc[9] -to auto_signaltap_0|vcc -section_id auto_signaltap_0
set_instance_assignment -name POST_FIT_CONNECT_TO_SLD_NODE_ENTITY_PORT crc[11] -to auto_signaltap_0|vcc -section_id auto_signaltap_0
set_instance_assignment -name POST_FIT_CONNECT_TO_SLD_NODE_ENTITY_PORT crc[15] -to auto_signaltap_0|vcc -section_id auto_signaltap_0
set_instance_assignment -name POST_FIT_CONNECT_TO_SLD_NODE_ENTITY_PORT crc[17] -to auto_signaltap_0|vcc -section_id auto_signaltap_0
set_instance_assignment -name POST_FIT_CONNECT_TO_SLD_NODE_ENTITY_PORT crc[24] -to auto_signaltap_0|vcc -section_id auto_signaltap_0
set_instance_assignment -name POST_FIT_CONNECT_TO_SLD_NODE_ENTITY_PORT crc[31] -to auto_signaltap_0|vcc -section_id auto_signaltap_0
set_instance_assignment -name PARTITION_HIERARCHY root_partition -to | -section_id Top
set_global_assignment -name SLD_FILE db/signal_tag_auto_stripped.stp